
Microsoft Visual Studio Solution File, Format Version 12.00
# Visual Studio Version 17
VisualStudioVersion = 17.8.34525.116
MinimumVisualStudioVersion = 10.0.40219.1
Project("{FAE04EC0-301F-11D3-BF4B-00C04F79EFBC}") = "StaffInfoTracker", "StaffInfoTracker\StaffInfoTracker.csproj", "{7A088D7A-3B29-4467-B7D7-131BC051D96C}"
EndProject
Global
	GlobalSection(SolutionConfigurationPlatforms) = preSolution
		Debug|Any CPU = Debug|Any CPU
		Release|Any CPU = Release|Any CPU
	EndGlobalSection
	GlobalSection(ProjectConfigurationPlatforms) = postSolution
		{7A088D7A-3B29-4467-B7D7-131BC051D96C}.Debug|Any CPU.ActiveCfg = Debug|Any CPU
		{7A088D7A-3B29-4467-B7D7-131BC051D96C}.Debug|Any CPU.Build.0 = Debug|Any CPU
		{7A088D7A-3B29-4467-B7D7-131BC051D96C}.Release|Any CPU.ActiveCfg = Release|Any CPU
		{7A088D7A-3B29-4467-B7D7-131BC051D96C}.Release|Any CPU.Build.0 = Release|Any CPU
	EndGlobalSection
	GlobalSection(SolutionProperties) = preSolution
		HideSolutionNode = FALSE
	EndGlobalSection
	GlobalSection(ExtensibilityGlobals) = postSolution
		SolutionGuid = {21831E71-A93E-417B-A31C-6AF0FFA7B7A6}
	EndGlobalSection
EndGlobal
